{
  "requires": true,
  "lockfileVersion": 1,
  "dependencies": {
    "email-js": {
      "version": "2.0.2",
      "resolved": "https://registry.npmjs.org/email-js/-/email-js-2.0.2.tgz",
      "integrity": "sha512-ElfOy+BMZbQuivo8Qp+A2Gz6N06ZUHEk+q67O0zgTRU5d+n2rvbfX0w2jyo7B/F+zPJAXq/J1SHaG9ghbhWAPQ=="
    },
    "emailjs-com": {
      "version": "2.6.3",
      "resolved": "https://registry.npmjs.org/emailjs-com/-/emailjs-com-2.6.3.tgz",
      "integrity": "sha512-hucvmelA6wUN1W7Lnw3yKXTWq3lNyVOBN306WcODPcfazuGWTot9/7aaiHQESBo9VrG1JgSk7La6fckq3eLvUg=="
    }
  }
}
